
Microsoft Visual Studio Solution File, Format Version 12.00
# Visual Studio 14
VisualStudioVersion = 14.0.24720.0
MinimumVisualStudioVersion = 10.0.40219.1
Project("{FAE04EC0-301F-11D3-BF4B-00C04F79EFBC}") = "PowerBallNZ", "PowerBallNZ\PowerBallNZ.csproj", "{035C28A4-2D20-460F-92E2-BE6CFC847949}"
EndProject
Project("{FAE04EC0-301F-11D3-BF4B-00C04F79EFBC}") = "PowerBallNZ.Idea", "PowerBallNZ.Idea\PowerBallNZ.Idea.csproj", "{86D7BFB2-33E0-41F1-8046-69A17E6BD3FE}"
EndProject
Global
	GlobalSection(SolutionConfigurationPlatforms) = preSolution
		Debug|Any CPU = Debug|Any CPU
		Release|Any CPU = Release|Any CPU
	EndGlobalSection
	GlobalSection(ProjectConfigurationPlatforms) = postSolution
		{035C28A4-2D20-460F-92E2-BE6CFC847949}.Debug|Any CPU.ActiveCfg = Debug|Any CPU
		{035C28A4-2D20-460F-92E2-BE6CFC847949}.Debug|Any CPU.Build.0 = Debug|Any CPU
		{035C28A4-2D20-460F-92E2-BE6CFC847949}.Release|Any CPU.ActiveCfg = Release|Any CPU
		{035C28A4-2D20-460F-92E2-BE6CFC847949}.Release|Any CPU.Build.0 = Release|Any CPU
		{86D7BFB2-33E0-41F1-8046-69A17E6BD3FE}.Debug|Any CPU.ActiveCfg = Debug|Any CPU
		{86D7BFB2-33E0-41F1-8046-69A17E6BD3FE}.Debug|Any CPU.Build.0 = Debug|Any CPU
		{86D7BFB2-33E0-41F1-8046-69A17E6BD3FE}.Release|Any CPU.ActiveCfg = Release|Any CPU
		{86D7BFB2-33E0-41F1-8046-69A17E6BD3FE}.Release|Any CPU.Build.0 = Release|Any CPU
	EndGlobalSection
	GlobalSection(SolutionProperties) = preSolution
		HideSolutionNode = FALSE
	EndGlobalSection
EndGlobal
